// !$*UTF8*$!
{
	archiveVersion = 1;
	classes = {
	};
	objectVersion = 46;
	objects = {

/* Begin PBXBuildFile section */
		262F97B75474F25664E9074A /* Pods_EnjoyUniversityUITests.framework in Frameworks */ = {isa = PBXBuildFile; fileRef = 3D885B98299ED2C5A1AA6E7F /* Pods_EnjoyUniversityUITests.framework */; };
		36098EB51E9264B900C77CC3 /* EUStartActivityViewController.swift in Sources */ = {isa = PBXBuildFile; fileRef = 36098EB41E9264B900C77CC3 /* EUStartActivityViewController.swift */; };
		3609A01E1E909E9D007FD55C /* EUActivityButton.swift in Sources */ = {isa = PBXBuildFile; fileRef = 3609A01D1E909E9D007FD55C /* EUActivityButton.swift */; };
		360EC8A51E7177ED0009B08E /* EUPlusButtonView.swift in Sources */ = {isa = PBXBuildFile; fileRef = 360EC8A41E7177ED0009B08E /* EUPlusButtonView.swift */; };
		360FA3E91E94DB75002A5FF0 /* SwiftyPhotoClipper.swift in Sources */ = {isa = PBXBuildFile; fileRef = 360FA3E81E94DB75002A5FF0 /* SwiftyPhotoClipper.swift */; };
		360FA3ED1E94E653002A5FF0 /* SwiftyTextView.swift in Sources */ = {isa = PBXBuildFile; fileRef = 360FA3EC1E94E653002A5FF0 /* SwiftyTextView.swift */; };
		360FA3F01E95032F002A5FF0 /* RequestResult.swift in Sources */ = {isa = PBXBuildFile; fileRef = 360FA3EF1E95032F002A5FF0 /* RequestResult.swift */; };
		36124A161EA9F893004B6B10 /* EUCommunityManageViewController.swift in Sources */ = {isa = PBXBuildFile; fileRef = 36124A151EA9F893004B6B10 /* EUCommunityManageViewController.swift */; };
		36124A181EAA03AF004B6B10 /* EUCommunityMemberManageController.swift in Sources */ = {isa = PBXBuildFile; fileRef = 36124A171EAA03AF004B6B10 /* EUCommunityMemberManageController.swift */; };
		36124A1A1EAA05AB004B6B10 /* EUCommunityMemberCell.swift in Sources */ = {isa = PBXBuildFile; fileRef = 36124A191EAA05AB004B6B10 /* EUCommunityMemberCell.swift */; };
		3618A8B31E8A9E18002069B5 /* VPListViewModel.swift in Sources */ = {isa = PBXBuildFile; fileRef = 3618A8B21E8A9E18002069B5 /* VPListViewModel.swift */; };
		3619C4B11E90EA17005FEA5E /* EUCommunityInfoViewController.swift in Sources */ = {isa = PBXBuildFile; fileRef = 3619C4B01E90EA17005FEA5E /* EUCommunityInfoViewController.swift */; };
		36247B5C1EA640FF006F29F1 /* SwiftyAlertController.swift in Sources */ = {isa = PBXBuildFile; fileRef = 36247B5B1EA640FF006F29F1 /* SwiftyAlertController.swift */; };
		36247B5E1EA66643006F29F1 /* EUActivityCollectionController.swift in Sources */ = {isa = PBXBuildFile; fileRef = 36247B5D1EA66643006F29F1 /* EUActivityCollectionController.swift */; };
		362665711E8FE118005ED501 /* EUActivityViewController.swift in Sources */ = {isa = PBXBuildFile; fileRef = 362665701E8FE118005ED501 /* EUActivityViewController.swift */; };
		362665751E8FE162005ED501 /* EUActivityCell.swift in Sources */ = {isa = PBXBuildFile; fileRef = 362665721E8FE162005ED501 /* EUActivityCell.swift */; };
		362665761E8FE162005ED501 /* EUActivityCell.xib in Resources */ = {isa = PBXBuildFile; fileRef = 362665731E8FE162005ED501 /* EUActivityCell.xib */; };
		362665771E8FE162005ED501 /* EUMyActivityViewController.swift in Sources */ = {isa = PBXBuildFile; fileRef = 362665741E8FE162005ED501 /* EUMyActivityViewController.swift */; };
		363447961E97B11300F49EBC /* EUserAccount.swift in Sources */ = {isa = PBXBuildFile; fileRef = 363447951E97B11300F49EBC /* EUserAccount.swift */; };
		363908AC1E9F6AC800E67958 /* EURegisterInfoViewController.swift in Sources */ = {isa = PBXBuildFile; fileRef = 363908AB1E9F6AC800E67958 /* EURegisterInfoViewController.swift */; };
		363AC75C1E936167008350CC /* SwiftyTimePicker.swift in Sources */ = {isa = PBXBuildFile; fileRef = 363AC75B1E936167008350CC /* SwiftyTimePicker.swift */; };
		364231A21E9CEFE200FAB080 /* EUActivityNotificationController.swift in Sources */ = {isa = PBXBuildFile; fileRef = 364231A11E9CEFE200FAB080 /* EUActivityNotificationController.swift */; };
		364231C21E9D19D500FAB080 /* EUShowQRCodeViewController.swift in Sources */ = {isa = PBXBuildFile; fileRef = 364231C11E9D19D500FAB080 /* EUShowQRCodeViewController.swift */; };
		36457E151E9F3BD10036CBA6 /* EURegisterViewController.swift in Sources */ = {isa = PBXBuildFile; fileRef = 36457E141E9F3BD10036CBA6 /* EURegisterViewController.swift */; };
		364D6FB01E9A4CC200297EA8 /* UserInfoViewModel.swift in Sources */ = {isa = PBXBuildFile; fileRef = 364D6FAF1E9A4CC200297EA8 /* UserInfoViewModel.swift */; };
		364E7D251EA7A24300BC2756 /* SwiftyDropdownMenu.swift in Sources */ = {isa = PBXBuildFile; fileRef = 364E7D241EA7A24300BC2756 /* SwiftyDropdownMenu.swift */; };
		364E7D271EA7A24A00BC2756 /* SwiftyTitleButton.swift in Sources */ = {isa = PBXBuildFile; fileRef = 364E7D261EA7A24A00BC2756 /* SwiftyTitleButton.swift */; };
		364E7D291EA7A37100BC2756 /* EUCommunityContactController.swift in Sources */ = {isa = PBXBuildFile; fileRef = 364E7D281EA7A37100BC2756 /* EUCommunityContactController.swift */; };
		364E7D2B1EA7A81400BC2756 /* EUCommunityContactCell.swift in Sources */ = {isa = PBXBuildFile; fileRef = 364E7D2A1EA7A81400BC2756 /* EUCommunityContactCell.swift */; };
		3653B06F1E9110760023A0B7 /* CommunityViewModel.swift in Sources */ = {isa = PBXBuildFile; fileRef = 3653B06E1E9110760023A0B7 /* CommunityViewModel.swift */; };
		3654511C1E8D1A400046F037 /* CommunityListViewModel.swift in Sources */ = {isa = PBXBuildFile; fileRef = 3654511B1E8D1A400046F037 /* CommunityListViewModel.swift */; };
		36568C8E1E99CD5000BA9A71 /* UserInfo.swift in Sources */ = {isa = PBXBuildFile; fileRef = 36568C8D1E99CD5000BA9A71 /* UserInfo.swift */; };
		365DDFFA1E8FFBB0007CE665 /* EUCreatedActivityViewController.swift in Sources */ = {isa = PBXBuildFile; fileRef = 365DDFF91E8FFBB0007CE665 /* EUCreatedActivityViewController.swift */; };
		365DDFFC1E8FFBED007CE665 /* EUBaseAvtivityViewController.swift in Sources */ = {isa = PBXBuildFile; fileRef = 365DDFFB1E8FFBED007CE665 /* EUBaseAvtivityViewController.swift */; };
		365FE22E1EAADB7E003507F5 /* EUCommunityAnnounceController.swift in Sources */ = {isa = PBXBuildFile; fileRef = 365FE22D1EAADB7E003507F5 /* EUCommunityAnnounceController.swift */; };
		366112371E9661E8005D0A96 /* EULoginViewController.swift in Sources */ = {isa = PBXBuildFile; fileRef = 366112361E9661E8005D0A96 /* EULoginViewController.swift */; };
		3662E64C1E9B60C3000955DA /* UserInfoListViewModel.swift in Sources */ = {isa = PBXBuildFile; fileRef = 3662E64B1E9B60C3000955DA /* UserInfoListViewModel.swift */; };
		36638A781E8A4E9900E6DF17 /* EUNetworkManager.swift in Sources */ = {isa = PBXBuildFile; fileRef = 36638A771E8A4E9900E6DF17 /* EUNetworkManager.swift */; };
		36638A7A1E8A77C200E6DF17 /* EUNetworkManager+Extension.swift in Sources */ = {isa = PBXBuildFile; fileRef = 36638A791E8A77C200E6DF17 /* EUNetworkManager+Extension.swift */; };
		36638A7C1E8A785700E6DF17 /* EUCommon.swift in Sources */ = {isa = PBXBuildFile; fileRef = 36638A7B1E8A785700E6DF17 /* EUCommon.swift */; };
		3664E1EB1E9759F60041259B /* SwiftyTextField.swift in Sources */ = {isa = PBXBuildFile; fileRef = 3664E1E91E9759F60041259B /* SwiftyTextField.swift */; };
		3664E1EC1E9759F60041259B /* SwiftyVerificationCodeView.swift in Sources */ = {isa = PBXBuildFile; fileRef = 3664E1EA1E9759F60041259B /* SwiftyVerificationCodeView.swift */; };
		3666ABDD1E7016CF008E4B6B /* EUMessageCell.swift in Sources */ = {isa = PBXBuildFile; fileRef = 3666ABDB1E7016CF008E4B6B /* EUMessageCell.swift */; };
		3666ABDE1E7016CF008E4B6B /* EUMessageCell.xib in Resources */ = {isa = PBXBuildFile; fileRef = 3666ABDC1E7016CF008E4B6B /* EUMessageCell.xib */; };
		36690ACB1E9C93420027B314 /* EUActivityMemberCell.swift in Sources */ = {isa = PBXBuildFile; fileRef = 36690ACA1E9C93420027B314 /* EUActivityMemberCell.swift */; };
		36690AD11E9CA2FE0027B314 /* EUActivityParticipatorsViewController.swift in Sources */ = {isa = PBXBuildFile; fileRef = 36690AD01E9CA2FE0027B314 /* EUActivityParticipatorsViewController.swift */; };
		366BA80B1EA4F9F80079132A /* EUChangeUserInfoController.swift in Sources */ = {isa = PBXBuildFile; fileRef = 366BA80A1EA4F9F80079132A /* EUChangeUserInfoController.swift */; };
		366BA80D1EA509410079132A /* EUChangePasswordController.swift in Sources */ = {isa = PBXBuildFile; fileRef = 366BA80C1EA509410079132A /* EUChangePasswordController.swift */; };
		366C8EA31EAC69F3003CEAEE /* EUChoseContactsController.swift in Sources */ = {isa = PBXBuildFile; fileRef = 366C8EA21EAC69F3003CEAEE /* EUChoseContactsController.swift */; };
		366DCC811EA70EE000A2F496 /* EUCommunityCollectionController.swift in Sources */ = {isa = PBXBuildFile; fileRef = 366DCC801EA70EE000A2F496 /* EUCommunityCollectionController.swift */; };
		3671B5AA1EA1E6F0002F66AC /* EUMyCommunityViewController.swift in Sources */ = {isa = PBXBuildFile; fileRef = 3671B5A91EA1E6F0002F66AC /* EUMyCommunityViewController.swift */; };
		3671B5AC1EA201B2002F66AC /* CommunityAuthority.swift in Sources */ = {isa = PBXBuildFile; fileRef = 3671B5AB1EA201B2002F66AC /* CommunityAuthority.swift */; };
		3671B5AE1EA20299002F66AC /* CommunityAuthorityListViewModel.swift in Sources */ = {isa = PBXBuildFile; fileRef = 3671B5AD1EA20299002F66AC /* CommunityAuthorityListViewModel.swift */; };
		3671B5B01EA213E1002F66AC /* SwiftySpinner.swift in Sources */ = {isa = PBXBuildFile; fileRef = 3671B5AF1EA213E1002F66AC /* SwiftySpinner.swift */; };
		3671CFD31E98FF5D00FACF91 /* EUserInfoInputViewController.swift in Sources */ = {isa = PBXBuildFile; fileRef = 3671CFD21E98FF5D00FACF91 /* EUserInfoInputViewController.swift */; };
		3673A5EC1EA5C8D6003C29C3 /* EUSystemSettingsController.swift in Sources */ = {isa = PBXBuildFile; fileRef = 3673A5EB1EA5C8D6003C29C3 /* EUSystemSettingsController.swift */; };
		3678F85E1EA89129006C586C /* EURecruitmentViewController.swift in Sources */ = {isa = PBXBuildFile; fileRef = 3678F85D1EA89129006C586C /* EURecruitmentViewController.swift */; };
		3678F8601EA8A52A006C586C /* EUCommunityNotifyController.swift in Sources */ = {isa = PBXBuildFile; fileRef = 3678F85F1EA8A52A006C586C /* EUCommunityNotifyController.swift */; };
		3680A5871E9DF36300E6013F /* EUFeedBackViewController.swift in Sources */ = {isa = PBXBuildFile; fileRef = 3680A5861E9DF36300E6013F /* EUFeedBackViewController.swift */; };
		36839BFC1E8D457800612729 /* Activity.swift in Sources */ = {isa = PBXBuildFile; fileRef = 36839BFB1E8D457800612729 /* Activity.swift */; };
		36839BFE1E8D476300612729 /* AvtivityViewModel.swift in Sources */ = {isa = PBXBuildFile; fileRef = 36839BFD1E8D476300612729 /* AvtivityViewModel.swift */; };
		36839C001E8D49FE00612729 /* ActivityListViewModel.swift in Sources */ = {isa = PBXBuildFile; fileRef = 36839BFF1E8D49FE00612729 /* ActivityListViewModel.swift */; };
		3695A2BD1E6D4DD200F02B8E /* CommonFunction.swift in Sources */ = {isa = PBXBuildFile; fileRef = 3695A2BC1E6D4DD200F02B8E /* CommonFunction.swift */; };
		3695A2BF1E6D764200F02B8E /* SwiftyViewPager.swift in Sources */ = {isa = PBXBuildFile; fileRef = 3695A2BE1E6D764200F02B8E /* SwiftyViewPager.swift */; };
		3695A2C11E6D7FA300F02B8E /* EUHomeHeadView.swift in Sources */ = {isa = PBXBuildFile; fileRef = 3695A2C01E6D7FA300F02B8E /* EUHomeHeadView.swift */; };
		36B1641A1E65A59E00B589B4 /* EUSearchViewController.swift in Sources */ = {isa = PBXBuildFile; fileRef = 36B164191E65A59E00B589B4 /* EUSearchViewController.swift */; };
		36BDBAFD1E640A390075A3ED /* AppDelegate.swift in Sources */ = {isa = PBXBuildFile; fileRef = 36BDBAFC1E640A390075A3ED /* AppDelegate.swift */; };
		36BDBB041E640A390075A3ED /* Assets.xcassets in Resources */ = {isa = PBXBuildFile; fileRef = 36BDBB031E640A390075A3ED /* Assets.xcassets */; };
		36BDBB121E640A390075A3ED /* EnjoyUniversityTests.swift in Sources */ = {isa = PBXBuildFile; fileRef = 36BDBB111E640A390075A3ED /* EnjoyUniversityTests.swift */; };
		36BDBB1D1E640A390075A3ED /* EnjoyUniversityUITests.swift in Sources */ = {isa = PBXBuildFile; fileRef = 36BDBB1C1E640A390075A3ED /* EnjoyUniversityUITests.swift */; };
		36BDBB391E64135A0075A3ED /* EUMainViewController.swift in Sources */ = {isa = PBXBuildFile; fileRef = 36BDBB381E64135A0075A3ED /* EUMainViewController.swift */; };
		36BDBB3B1E6416840075A3ED /* EUBaseViewController.swift in Sources */ = {isa = PBXBuildFile; fileRef = 36BDBB3A1E6416840075A3ED /* EUBaseViewController.swift */; };
		36BDBB3D1E6416A50075A3ED /* EUNavigationController.swift in Sources */ = {isa = PBXBuildFile; fileRef = 36BDBB3C1E6416A50075A3ED /* EUNavigationController.swift */; };
		36BDBB3F1E6416FF0075A3ED /* EUHomeViewController.swift in Sources */ = {isa = PBXBuildFile; fileRef = 36BDBB3E1E6416FF0075A3ED /* EUHomeViewController.swift */; };
		36BDBB411E64170D0075A3ED /* EUDiscoverViewController.swift in Sources */ = {isa = PBXBuildFile; fileRef = 36BDBB401E64170D0075A3ED /* EUDiscoverViewController.swift */; };
		36BDBB431E6417180075A3ED /* EUMessageViewController.swift in Sources */ = {isa = PBXBuildFile; fileRef = 36BDBB421E6417180075A3ED /* EUMessageViewController.swift */; };
		36BDBB451E6417280075A3ED /* EUProfileViewController.swift in Sources */ = {isa = PBXBuildFile; fileRef = 36BDBB441E6417280075A3ED /* EUProfileViewController.swift */; };
		36BDBB481E641E190075A3ED /* Bundle+Extension.swift in Sources */ = {isa = PBXBuildFile; fileRef = 36BDBB471E641E190075A3ED /* Bundle+Extension.swift */; };
		36BDBB4A1E6452090075A3ED /* Community.swift in Sources */ = {isa = PBXBuildFile; fileRef = 36BDBB491E6452090075A3ED /* Community.swift */; };
		36BDBB4C1E6454030075A3ED /* EUCommunityWallCell.swift in Sources */ = {isa = PBXBuildFile; fileRef = 36BDBB4B1E6454030075A3ED /* EUCommunityWallCell.swift */; };
		36BDBB4E1E64541E0075A3ED /* EUCommunityWallCell.xib in Resources */ = {isa = PBXBuildFile; fileRef = 36BDBB4D1E64541E0075A3ED /* EUCommunityWallCell.xib */; };
		36C05D581EACC83200ADC433 /* EUCommunityCollectionCell.swift in Sources */ = {isa = PBXBuildFile; fileRef = 36C05D571EACC83200ADC433 /* EUCommunityCollectionCell.swift */; };
		36C34A0A1EA9CB6E00739C9B /* EUStartRecruitViewController.swift in Sources */ = {isa = PBXBuildFile; fileRef = 36C34A091EA9CB6E00739C9B /* EUStartRecruitViewController.swift */; };
		36E0D5F41E8D40D00072E8C2 /* EURefreshControl.swift in Sources */ = {isa = PBXBuildFile; fileRef = 36E0D5F11E8D40D00072E8C2 /* EURefreshControl.swift */; };
		36E0D5F51E8D40D00072E8C2 /* EURefreshView.swift in Sources */ = {isa = PBXBuildFile; fileRef = 36E0D5F21E8D40D00072E8C2 /* EURefreshView.swift */; };
		36E0D5F61E8D40D00072E8C2 /* EURefreshView.xib in Resources */ = {isa = PBXBuildFile; fileRef = 36E0D5F31E8D40D00072E8C2 /* EURefreshView.xib */; };
		36EC19981E9893D400A08AC4 /* SwiftyProgressHUD.swift in Sources */ = {isa = PBXBuildFile; fileRef = 36EC19971E9893D400A08AC4 /* SwiftyProgressHUD.swift */; };
		36ECC23A1E6E61160003C4D8 /* EUQRScanViewController.swift in Sources */ = {isa = PBXBuildFile; fileRef = 36ECC2391E6E61160003C4D8 /* EUQRScanViewController.swift */; };
		36ECC23C1E6E61ED0003C4D8 /* EUScannerBackgroundView.swift in Sources */ = {isa = PBXBuildFile; fileRef = 36ECC23B1E6E61ED0003C4D8 /* EUScannerBackgroundView.swift */; };
		36F1A71E1E9E28C600BEF9A5 /* EUVerifyViewController.swift in Sources */ = {isa = PBXBuildFile; fileRef = 36F1A71D1E9E28C600BEF9A5 /* EUVerifyViewController.swift */; };
		4A09239C9EBBFB7FAA027601 /* Pods_EnjoyUniversity.framework in Frameworks */ = {isa = PBXBuildFile; fileRef = 8BCCA5B4356283FD015B60FB /* Pods_EnjoyUniversity.framework */; };
		BB10279C0BD83EA59F359D64 /* Pods_EnjoyUniversityTests.framework in Frameworks */ = {isa = PBXBuildFile; fileRef = F27AC698DB569A544136CFAC /* Pods_EnjoyUniversityTests.framework */; };
/* End PBXBuildFile section */

/* Begin PBXContainerItemProxy section */
		36BDBB0E1E640A390075A3ED /* PBXContainerItemProxy */ = {
			isa = PBXContainerItemProxy;
			containerPortal = 36BDBAF11E640A380075A3ED /* Project object */;
			proxyType = 1;
			remoteGlobalIDString = 36BDBAF81E640A390075A3ED;
			remoteInfo = EnjoyUniversity;
		};
		36BDBB191E640A390075A3ED /* PBXContainerItemProxy */ = {
			isa = PBXContainerItemProxy;
			containerPortal = 36BDBAF11E640A380075A3ED /* Project object */;
			proxyType = 1;
			remoteGlobalIDString = 36BDBAF81E640A390075A3ED;
			remoteInfo = EnjoyUniversity;
		};
/* End PBXContainerItemProxy section */

/* Begin PBXFileReference section */
		24C99E6F09D2570C831C0D9D /* Pods-EnjoyUniversityUITests.debug.xcconfig */ = {isa = PBXFileReference; includeInIndex = 1; lastKnownFileType = text.xcconfig; name = "Pods-EnjoyUniversityUITests.debug.xcconfig"; path = "Pods/Target Support Files/Pods-EnjoyUniversityUITests/Pods-EnjoyUniversityUITests.debug.xcconfig"; sourceTree = "<group>"; };
		33300CEBB8EF0944BE216447 /* Pods-EnjoyUniversity.release.xcconfig */ = {isa = PBXFileReference; includeInIndex = 1; lastKnownFileType = text.xcconfig; name = "Pods-EnjoyUniversity.release.xcconfig"; path = "Pods/Target Support Files/Pods-EnjoyUniversity/Pods-EnjoyUniversity.release.xcconfig"; sourceTree = "<group>"; };
		36098EB41E9264B900C77CC3 /* EUStartActivityViewController.swift */ = {isa = PBXFileReference; fileEncoding = 4; lastKnownFileType = sourcecode.swift; path = EUStartActivityViewController.swift; sourceTree = "<group>"; };
		3609A01D1E909E9D007FD55C /* EUActivityButton.swift */ = {isa = PBXFileReference; fileEncoding = 4; lastKnownFileType = sourcecode.swift; path = EUActivityButton.swift; sourceTree = "<group>"; };
		360EC8A41E7177ED0009B08E /* EUPlusButtonView.swift */ = {isa = PBXFileReference; fileEncoding = 4; lastKnownFileType = sourcecode.swift; path = EUPlusButtonView.swift; sourceTree = "<group>"; };
		360FA3E81E94DB75002A5FF0 /* SwiftyPhotoClipper.swift */ = {isa = PBXFileReference; fileEncoding = 4; lastKnownFileType = sourcecode.swift; name = SwiftyPhotoClipper.swift; path = ../SwiftyPhotoClipper.swift; sourceTree = "<group>"; };
		360FA3EC1E94E653002A5FF0 /* SwiftyTextView.swift */ = {isa = PBXFileReference; fileEncoding = 4; lastKnownFileType = sourcecode.swift; path = SwiftyTextView.swift; sourceTree = "<group>"; };
		360FA3EF1E95032F002A5FF0 /* RequestResult.swift */ = {isa = PBXFileReference; fileEncoding = 4; lastKnownFileType = sourcecode.swift; path = RequestResult.swift; sourceTree = "<group>"; };
		36124A151EA9F893004B6B10 /* EUCommunityManageViewController.swift */ = {isa = PBXFileReference; fileEncoding = 4; lastKnownFileType = sourcecode.swift; path = EUCommunityManageViewController.swift; sourceTree = "<group>"; };
		36124A171EAA03AF004B6B10 /* EUCommunityMemberManageController.swift */ = {isa = PBXFileReference; fileEncoding = 4; lastKnownFileType = sourcecode.swift; path = EUCommunityMemberManageController.swift; sourceTree = "<group>"; };
		36124A191EAA05AB004B6B10 /* EUCommunityMemberCell.swift */ = {isa = PBXFileReference; fileEncoding = 4; lastKnownFileType = sourcecode.swift; path = EUCommunityMemberCell.swift; sourceTree = "<group>"; };
		3618A8B21E8A9E18002069B5 /* VPListViewModel.swift */ = {isa = PBXFileReference; fileEncoding = 4; lastKnownFileType = sourcecode.swift; path = VPListViewModel.swift; sourceTree = "<group>"; };
		3619C4B01E90EA17005FEA5E /* EUCommunityInfoViewController.swift */ = {isa = PBXFileReference; fileEncoding = 4; lastKnownFileType = sourcecode.swift; path = EUCommunityInfoViewController.swift; sourceTree = "<group>"; };
		36247B5B1EA640FF006F29F1 /* SwiftyAlertController.swift */ = {isa = PBXFileReference; fileEncoding = 4; lastKnownFileType = sourcecode.swift; path = SwiftyAlertController.swift; sourceTree = "<group>"; };
		36247B5D1EA66643006F29F1 /* EUActivityCollectionController.swift */ = {isa = PBXFileReference; fileEncoding = 4; lastKnownFileType = sourcecode.swift; path = EUActivityCollectionController.swift; sourceTree = "<group>"; };
		362665701E8FE118005ED501 /* EUActivityViewController.swift */ = {isa = PBXFileReference; fileEncoding = 4; lastKnownFileType = sourcecode.swift; path = EUActivityViewController.swift; sourceTree = "<group>"; };
		362665721E8FE162005ED501 /* EUActivityCell.swift */ = {isa = PBXFileReference; fileEncoding = 4; lastKnownFileType = sourcecode.swift; path = EUActivityCell.swift; sourceTree = "<group>"; };
		362665731E8FE162005ED501 /* EUActivityCell.xib */ = {isa = PBXFileReference; fileEncoding = 4; lastKnownFileType = file.xib; path = EUActivityCell.xib; sourceTree = "<group>"; };
		362665741E8FE162005ED501 /* EUMyActivityViewController.swift */ = {isa = PBXFileReference; fileEncoding = 4; lastKnownFileType = sourcecode.swift; path = EUMyActivityViewController.swift; sourceTree = "<group>"; };
		363447951E97B11300F49EBC /* EUserAccount.swift */ = {isa = PBXFileReference; fileEncoding = 4; lastKnownFileType = sourcecode.swift; path = EUserAccount.swift; sourceTree = "<group>"; };
		363908AB1E9F6AC800E67958 /* EURegisterInfoViewController.swift */ = {isa = PBXFileReference; fileEncoding = 4; lastKnownFileType = sourcecode.swift; path = EURegisterInfoViewController.swift; sourceTree = "<group>"; };
		363AC75B1E936167008350CC /* SwiftyTimePicker.swift */ = {isa = PBXFileReference; fileEncoding = 4; lastKnownFileType = sourcecode.swift; name = SwiftyTimePicker.swift; path = ../../View/Activity/SwiftyTimePicker.swift; sourceTree = "<group>"; };
		364231A11E9CEFE200FAB080 /* EUActivityNotificationController.swift */ = {isa = PBXFileReference; fileEncoding = 4; lastKnownFileType = sourcecode.swift; path = EUActivityNotificationController.swift; sourceTree = "<group>"; };
		364231C11E9D19D500FAB080 /* EUShowQRCodeViewController.swift */ = {isa = PBXFileReference; fileEncoding = 4; lastKnownFileType = sourcecode.swift; path = EUShowQRCodeViewController.swift; sourceTree = "<group>"; };
		36457E141E9F3BD10036CBA6 /* EURegisterViewController.swift */ = {isa = PBXFileReference; fileEncoding = 4; lastKnownFileType = sourcecode.swift; path = EURegisterViewController.swift; sourceTree = "<group>"; };
		364D6FAF1E9A4CC200297EA8 /* UserInfoViewModel.swift */ = {isa = PBXFileReference; fileEncoding = 4; lastKnownFileType = sourcecode.swift; path = UserInfoViewModel.swift; sourceTree = "<group>"; };
		364E7D241EA7A24300BC2756 /* SwiftyDropdownMenu.swift */ = {isa = PBXFileReference; fileEncoding = 4; lastKnownFileType = sourcecode.swift; path = SwiftyDropdownMenu.swift; sourceTree = "<group>"; };
		364E7D261EA7A24A00BC2756 /* SwiftyTitleButton.swift */ = {isa = PBXFileReference; fileEncoding = 4; lastKnownFileType = sourcecode.swift; path = SwiftyTitleButton.swift; sourceTree = "<group>"; };
		364E7D281EA7A37100BC2756 /* EUCommunityContactController.swift */ = {isa = PBXFileReference; fileEncoding = 4; lastKnownFileType = sourcecode.swift; path = EUCommunityContactController.swift; sourceTree = "<group>"; };
		364E7D2A1EA7A81400BC2756 /* EUCommunityContactCell.swift */ = {isa = PBXFileReference; fileEncoding = 4; lastKnownFileType = sourcecode.swift; path = EUCommunityContactCell.swift; sourceTree = "<group>"; };
		3653B06E1E9110760023A0B7 /* CommunityViewModel.swift */ = {isa = PBXFileReference; fileEncoding = 4; lastKnownFileType = sourcecode.swift; path = CommunityViewModel.swift; sourceTree = "<group>"; };
		3654511B1E8D1A400046F037 /* CommunityListViewModel.swift */ = {isa = PBXFileReference; fileEncoding = 4; lastKnownFileType = sourcecode.swift; path = CommunityListViewModel.swift; sourceTree = "<group>"; };
		36568C8D1E99CD5000BA9A71 /* UserInfo.swift */ = {isa = PBXFileReference; fileEncoding = 4; lastKnownFileType = sourcecode.swift; path = UserInfo.swift; sourceTree = "<group>"; };
		365DDFF91E8FFBB0007CE665 /* EUCreatedActivityViewController.swift */ = {isa = PBXFileReference; fileEncoding = 4; lastKnownFileType = sourcecode.swift; path = EUCreatedActivityViewController.swift; sourceTree = "<group>"; };
		365DDFFB1E8FFBED007CE665 /* EUBaseAvtivityViewController.swift */ = {isa = PBXFileReference; fileEncoding = 4; lastKnownFileType = sourcecode.swift; path = EUBaseAvtivityViewController.swift; sourceTree = "<group>"; };
		365FE22D1EAADB7E003507F5 /* EUCommunityAnnounceController.swift */ = {isa = PBXFileReference; fileEncoding = 4; lastKnownFileType = sourcecode.swift; path = EUCommunityAnnounceController.swift; sourceTree = "<group>"; };
		366112361E9661E8005D0A96 /* EULoginViewController.swift */ = {isa = PBXFileReference; fileEncoding = 4; lastKnownFileType = sourcecode.swift; path = EULoginViewController.swift; sourceTree = "<group>"; };
		3662E64B1E9B60C3000955DA /* UserInfoListViewModel.swift */ = {isa = PBXFileReference; fileEncoding = 4; lastKnownFileType = sourcecode.swift; path = UserInfoListViewModel.swift; sourceTree = "<group>"; };
		36638A771E8A4E9900E6DF17 /* EUNetworkManager.swift */ = {isa = PBXFileReference; fileEncoding = 4; lastKnownFileType = sourcecode.swift; path = EUNetworkManager.swift; sourceTree = "<group>"; };
		36638A791E8A77C200E6DF17 /* EUNetworkManager+Extension.swift */ = {isa = PBXFileReference; fileEncoding = 4; lastKnownFileType = sourcecode.swift; path = "EUNetworkManager+Extension.swift"; sourceTree = "<group>"; };
		36638A7B1E8A785700E6DF17 /* EUCommon.swift */ = {isa = PBXFileReference; fileEncoding = 4; lastKnownFileType = sourcecode.swift; path = EUCommon.swift; sourceTree = "<group>"; };
		3664E1E91E9759F60041259B /* SwiftyTextField.swift */ = {isa = PBXFileReference; fileEncoding = 4; lastKnownFileType = sourcecode.swift; path = SwiftyTextField.swift; sourceTree = "<group>"; };
		3664E1EA1E9759F60041259B /* SwiftyVerificationCodeView.swift */ = {isa = PBXFileReference; fileEncoding = 4; lastKnownFileType = sourcecode.swift; path = SwiftyVerificationCodeView.swift; sourceTree = "<group>"; };
		3666ABDB1E7016CF008E4B6B /* EUMessageCell.swift */ = {isa = PBXFileReference; fileEncoding = 4; lastKnownFileType = sourcecode.swift; path = EUMessageCell.swift; sourceTree = "<group>"; };
		3666ABDC1E7016CF008E4B6B /* EUMessageCell.xib */ = {isa = PBXFileReference; fileEncoding = 4; lastKnownFileType = file.xib; path = EUMessageCell.xib; sourceTree = "<group>"; };
		36690ACA1E9C93420027B314 /* EUActivityMemberCell.swift */ = {isa = PBXFileReference; fileEncoding = 4; lastKnownFileType = sourcecode.swift; path = EUActivityMemberCell.swift; sourceTree = "<group>"; };
		36690AD01E9CA2FE0027B314 /* EUActivityParticipatorsViewController.swift */ = {isa = PBXFileReference; fileEncoding = 4; lastKnownFileType = sourcecode.swift; path = EUActivityParticipatorsViewController.swift; sourceTree = "<group>"; };
		366BA80A1EA4F9F80079132A /* EUChangeUserInfoController.swift */ = {isa = PBXFileReference; fileEncoding = 4; lastKnownFileType = sourcecode.swift; path = EUChangeUserInfoController.swift; sourceTree = "<group>"; };
		366BA80C1EA509410079132A /* EUChangePasswordController.swift */ = {isa = PBXFileReference; fileEncoding = 4; lastKnownFileType = sourcecode.swift; path = EUChangePasswordController.swift; sourceTree = "<group>"; };
		366C8EA21EAC69F3003CEAEE /* EUChoseContactsController.swift */ = {isa = PBXFileReference; fileEncoding = 4; lastKnownFileType = sourcecode.swift; path = EUChoseContactsController.swift; sourceTree = "<group>"; };
		366DCC801EA70EE000A2F496 /* EUCommunityCollectionController.swift */ = {isa = PBXFileReference; fileEncoding = 4; lastKnownFileType = sourcecode.swift; path = EUCommunityCollectionController.swift; sourceTree = "<group>"; };
		3671B5A91EA1E6F0002F66AC /* EUMyCommunityViewController.swift */ = {isa = PBXFileReference; fileEncoding = 4; lastKnownFileType = sourcecode.swift; path = EUMyCommunityViewController.swift; sourceTree = "<group>"; };
		3671B5AB1EA201B2002F66AC /* CommunityAuthority.swift */ = {isa = PBXFileReference; fileEncoding = 4; lastKnownFileType = sourcecode.swift; path = CommunityAuthority.swift; sourceTree = "<group>"; };
		3671B5AD1EA20299002F66AC /* CommunityAuthorityListViewModel.swift */ = {isa = PBXFileReference; fileEncoding = 4; lastKnownFileType = sourcecode.swift; path = CommunityAuthorityListViewModel.swift; sourceTree = "<group>"; };
		3671B5AF1EA213E1002F66AC /* SwiftySpinner.swift */ = {isa = PBXFileReference; fileEncoding = 4; lastKnownFileType = sourcecode.swift; path = SwiftySpinner.swift; sourceTree = "<group>"; };
		3671CFD21E98FF5D00FACF91 /* EUserInfoInputViewController.swift */ = {isa = PBXFileReference; fileEncoding = 4; lastKnownFileType = sourcecode.swift; path = EUserInfoInputViewController.swift; sourceTree = "<group>"; };
		3673A5EB1EA5C8D6003C29C3 /* EUSystemSettingsController.swift */ = {isa = PBXFileReference; fileEncoding = 4; lastKnownFileType = sourcecode.swift; path = EUSystemSettingsController.swift; sourceTree = "<group>"; };
		3678F85D1EA89129006C586C /* EURecruitmentViewController.swift */ = {isa = PBXFileReference; fileEncoding = 4; lastKnownFileType = sourcecode.swift; path = EURecruitmentViewController.swift; sourceTree = "<group>"; };
		3678F85F1EA8A52A006C586C /* EUCommunityNotifyController.swift */ = {isa = PBXFileReference; fileEncoding = 4; lastKnownFileType = sourcecode.swift; path = EUCommunityNotifyController.swift; sourceTree = "<group>"; };
		3680A5861E9DF36300E6013F /* EUFeedBackViewController.swift */ = {isa = PBXFileReference; fileEncoding = 4; lastKnownFileType = sourcecode.swift; path = EUFeedBackViewController.swift; sourceTree = "<group>"; };
		36839BFB1E8D457800612729 /* Activity.swift */ = {isa = PBXFileReference; fileEncoding = 4; lastKnownFileType = sourcecode.swift; path = Activity.swift; sourceTree = "<group>"; };
		36839BFD1E8D476300612729 /* AvtivityViewModel.swift */ = {isa = PBXFileReference; fileEncoding = 4; lastKnownFileType = sourcecode.swift; path = AvtivityViewModel.swift; sourceTree = "<group>"; };
		36839BFF1E8D49FE00612729 /* ActivityListViewModel.swift */ = {isa = PBXFileReference; fileEncoding = 4; lastKnownFileType = sourcecode.swift; path = ActivityListViewModel.swift; sourceTree = "<group>"; };
		3695A2BC1E6D4DD200F02B8E /* CommonFunction.swift */ = {isa = PBXFileReference; fileEncoding = 4; lastKnownFileType = sourcecode.swift; path = CommonFunction.swift; sourceTree = "<group>"; };
		3695A2BE1E6D764200F02B8E /* SwiftyViewPager.swift */ = {isa = PBXFileReference; fileEncoding = 4; lastKnownFileType = sourcecode.swift; name = SwiftyViewPager.swift; path = ../../View/Home/SwiftyViewPager.swift; sourceTree = "<group>"; };
		3695A2C01E6D7FA300F02B8E /* EUHomeHeadView.swift */ = {isa = PBXFileReference; fileEncoding = 4; lastKnownFileType = sourcecode.swift; path = EUHomeHeadView.swift; sourceTree = "<group>"; };
		36B164191E65A59E00B589B4 /* EUSearchViewController.swift */ = {isa = PBXFileReference; fileEncoding = 4; lastKnownFileType = sourcecode.swift; path = EUSearchViewController.swift; sourceTree = "<group>"; };
		36BDBAF91E640A390075A3ED /* EnjoyUniversity.app */ = {isa = PBXFileReference; explicitFileType = wrapper.application; includeInIndex = 0; path = EnjoyUniversity.app; sourceTree = BUILT_PRODUCTS_DIR; };
		36BDBAFC1E640A390075A3ED /* AppDelegate.swift */ = {isa = PBXFileReference; lastKnownFileType = sourcecode.swift; path = AppDelegate.swift; sourceTree = "<group>"; };
		36BDBB031E640A390075A3ED /* Assets.xcassets */ = {isa = PBXFileReference; lastKnownFileType = folder.assetcatalog; path = Assets.xcassets; sourceTree = "<group>"; };
		36BDBB081E640A390075A3ED /* Info.plist */ = {isa = PBXFileReference; lastKnownFileType = text.plist.xml; path = Info.plist; sourceTree = "<group>"; };
		36BDBB0D1E640A390075A3ED /* EnjoyUniversityTests.xctest */ = {isa = PBXFileReference; explicitFileType = wrapper.cfbundle; includeInIndex = 0; path = EnjoyUniversityTests.xctest; sourceTree = BUILT_PRODUCTS_DIR; };
		36BDBB111E640A390075A3ED /* EnjoyUniversityTests.swift */ = {isa = PBXFileReference; lastKnownFileType = sourcecode.swift; path = EnjoyUniversityTests.swift; sourceTree = "<group>"; };
		36BDBB131E640A390075A3ED /* Info.plist */ = {isa = PBXFileReference; lastKnownFileType = text.plist.xml; path = Info.plist; sourceTree = "<group>"; };
		36BDBB181E640A390075A3ED /* EnjoyUniversityUITests.xctest */ = {isa = PBXFileReference; explicitFileType = wrapper.cfbundle; includeInIndex = 0; path = EnjoyUniversityUITests.xctest; sourceTree = BUILT_PRODUCTS_DIR; };
		36BDBB1C1E640A390075A3ED /* EnjoyUniversityUITests.swift */ = {isa = PBXFileReference; lastKnownFileType = sourcecode.swift; path = EnjoyUniversityUITests.swift; sourceTree = "<group>"; };
		36BDBB1E1E640A390075A3ED /* Info.plist */ = {isa = PBXFileReference; lastKnownFileType = text.plist.xml; path = Info.plist; sourceTree = "<group>"; };
		36BDBB381E64135A0075A3ED /* EUMainViewController.swift */ = {isa = PBXFileReference; fileEncoding = 4; lastKnownFileType = sourcecode.swift; path = EUMainViewController.swift; sourceTree = "<group>"; };
		36BDBB3A1E6416840075A3ED /* EUBaseViewController.swift */ = {isa = PBXFileReference; fileEncoding = 4; lastKnownFileType = sourcecode.swift; path = EUBaseViewController.swift; sourceTree = "<group>"; };
		36BDBB3C1E6416A50075A3ED /* EUNavigationController.swift */ = {isa = PBXFileReference; fileEncoding = 4; lastKnownFileType = sourcecode.swift; path = EUNavigationController.swift; sourceTree = "<group>"; };
		36BDBB3E1E6416FF0075A3ED /* EUHomeViewController.swift */ = {isa = PBXFileReference; fileEncoding = 4; lastKnownFileType = sourcecode.swift; path = EUHomeViewController.swift; sourceTree = "<group>"; };
		36BDBB401E64170D0075A3ED /* EUDiscoverViewController.swift */ = {isa = PBXFileReference; fileEncoding = 4; lastKnownFileType = sourcecode.swift; path = EUDiscoverViewController.swift; sourceTree = "<group>"; };
		36BDBB421E6417180075A3ED /* EUMessageViewController.swift */ = {isa = PBXFileReference; fileEncoding = 4; lastKnownFileType = sourcecode.swift; path = EUMessageViewController.swift; sourceTree = "<group>"; };
		36BDBB441E6417280075A3ED /* EUProfileViewController.swift */ = {isa = PBXFileReference; fileEncoding = 4; lastKnownFileType = sourcecode.swift; path = EUProfileViewController.swift; sourceTree = "<group>"; };
		36BDBB471E641E190075A3ED /* Bundle+Extension.swift */ = {isa = PBXFileReference; fileEncoding = 4; lastKnownFileType = sourcecode.swift; path = "Bundle+Extension.swift"; sourceTree = "<group>"; };
		36BDBB491E6452090075A3ED /* Community.swift */ = {isa = PBXFileReference; fileEncoding = 4; lastKnownFileType = sourcecode.swift; path = Community.swift; sourceTree = "<group>"; };
		36BDBB4B1E6454030075A3ED /* EUCommunityWallCell.swift */ = {isa = PBXFileReference; fileEncoding = 4; lastKnownFileType = sourcecode.swift; path = EUCommunityWallCell.swift; sourceTree = "<group>"; };
		36BDBB4D1E64541E0075A3ED /* EUCommunityWallCell.xib */ = {isa = PBXFileReference; fileEncoding = 4; lastKnownFileType = file.xib; path = EUCommunityWallCell.xib; sourceTree = "<group>"; };
		36C05D571EACC83200ADC433 /* EUCommunityCollectionCell.swift */ = {isa = PBXFileReference; fileEncoding = 4; lastKnownFileType = sourcecode.swift; path = EUCommunityCollectionCell.swift; sourceTree = "<group>"; };
		36C34A091EA9CB6E00739C9B /* EUStartRecruitViewController.swift */ = {isa = PBXFileReference; fileEncoding = 4; lastKnownFileType = sourcecode.swift; path = EUStartRecruitViewController.swift; sourceTree = "<group>"; };
		36E0D5F11E8D40D00072E8C2 /* EURefreshControl.swift */ = {isa = PBXFileReference; fileEncoding = 4; lastKnownFileType = sourcecode.swift; path = EURefreshControl.swift; sourceTree = "<group>"; };
		36E0D5F21E8D40D00072E8C2 /* EURefreshView.swift */ = {isa = PBXFileReference; fileEncoding = 4; lastKnownFileType = sourcecode.swift; path = EURefreshView.swift; sourceTree = "<group>"; };
		36E0D5F31E8D40D00072E8C2 /* EURefreshView.xib */ = {isa = PBXFileReference; fileEncoding = 4; lastKnownFileType = file.xib; path = EURefreshView.xib; sourceTree = "<group>"; };
		36EC19971E9893D400A08AC4 /* SwiftyProgressHUD.swift */ = {isa = PBXFileReference; fileEncoding = 4; lastKnownFileType = sourcecode.swift; path = SwiftyProgressHUD.swift; sourceTree = "<group>"; };
		36ECC2391E6E61160003C4D8 /* EUQRScanViewController.swift */ = {isa = PBXFileReference; fileEncoding = 4; lastKnownFileType = sourcecode.swift; path = EUQRScanViewController.swift; sourceTree = "<group>"; };
		36ECC23B1E6E61ED0003C4D8 /* EUScannerBackgroundView.swift */ = {isa = PBXFileReference; fileEncoding = 4; lastKnownFileType = sourcecode.swift; path = EUScannerBackgroundView.swift; sourceTree = "<group>"; };
		36F1A71D1E9E28C600BEF9A5 /* EUVerifyViewController.swift */ = {isa = PBXFileReference; fileEncoding = 4; lastKnownFileType = sourcecode.swift; path = EUVerifyViewController.swift; sourceTree = "<group>"; };
		3D885B98299ED2C5A1AA6E7F /* Pods_EnjoyUniversityUITests.framework */ = {isa = PBXFileReference; explicitFileType = wrapper.framework; includeInIndex = 0; path = Pods_EnjoyUniversityUITests.framework; sourceTree = BUILT_PRODUCTS_DIR; };
		40EBC4342C0592D8109EAA59 /* Pods-EnjoyUniversityTests.debug.xcconfig */ = {isa = PBXFileReference; includeInIndex = 1; lastKnownFileType = text.xcconfig; name = "Pods-EnjoyUniversityTests.debug.xcconfig"; path = "Pods/Target Support Files/Pods-EnjoyUniversityTests/Pods-EnjoyUniversityTests.debug.xcconfig"; sourceTree = "<group>"; };
		85368470F01BEF28D5CCE29C /* Pods-EnjoyUniversity.debug.xcconfig */ = {isa = PBXFileReference; includeInIndex = 1; lastKnownFileType = text.xcconfig; name = "Pods-EnjoyUniversity.debug.xcconfig"; path = "Pods/Target Support Files/Pods-EnjoyUniversity/Pods-EnjoyUniversity.debug.xcconfig"; sourceTree = "<group>"; };
		8BCCA5B4356283FD015B60FB /* Pods_EnjoyUniversity.framework */ = {isa = PBXFileReference; explicitFileType = wrapper.framework; includeInIndex = 0; path = Pods_EnjoyUniversity.framework; sourceTree = BUILT_PRODUCTS_DIR; };
		AFA0AB16696A955B0A70FA29 /* Pods-EnjoyUniversityUITests.release.xcconfig */ = {isa = PBXFileReference; includeInIndex = 1; lastKnownFileType = text.xcconfig; name = "Pods-EnjoyUniversityUITests.release.xcconfig"; path = "Pods/Target Support Files/Pods-EnjoyUniversityUITests/Pods-EnjoyUniversityUITests.release.xcconfig"; sourceTree = "<group>"; };
		B33AC6B9DFB1A9A21D0688BA /* Pods-EnjoyUniversityTests.release.xcconfig */ = {isa = PBXFileReference; includeInIndex = 1; lastKnownFileType = text.xcconfig; name = "Pods-EnjoyUniversityTests.release.xcconfig"; path = "Pods/Target Support Files/Pods-EnjoyUniversityTests/Pods-EnjoyUniversityTests.release.xcconfig"; sourceTree = "<group>"; };
		F27AC698DB569A544136CFAC /* Pods_EnjoyUniversityTests.framework */ = {isa = PBXFileReference; explicitFileType = wrapper.framework; includeInIndex = 0; path = Pods_EnjoyUniversityTests.framework; sourceTree = BUILT_PRODUCTS_DIR; };
/* End PBXFileReference section */

/* Begin PBXFrameworksBuildPhase section */
		36BDBAF61E640A390075A3ED /* Frameworks */ = {
			isa = PBXFrameworksBuildPhase;
			buildActionMask = 2147483647;
			files = (
				4A09239C9EBBFB7FAA027601 /* Pods_EnjoyUniversity.framework in Frameworks */,
			);
			runOnlyForDeploymentPostprocessing = 0;
		};
		36BDBB0A1E640A390075A3ED /* Frameworks */ = {
			isa = PBXFrameworksBuildPhase;
			buildActionMask = 2147483647;
			files = (
				BB10279C0BD83EA59F359D64 /* Pods_EnjoyUniversityTests.framework in Frameworks */,
			);
			runOnlyForDeploymentPostprocessing = 0;
		};
		36BDBB151E640A390075A3ED /* Frameworks */ = {
			isa = PBXFrameworksBuildPhase;
			buildActionMask = 2147483647;
			files = (
				262F97B75474F25664E9074A /* Pods_EnjoyUniversityUITests.framework in Frameworks */,
			);
			runOnlyForDeploymentPostprocessing = 0;
		};
/* End PBXFrameworksBuildPhase section */

/* Begin PBXGroup section */
		2F6B1969AAE023ED04C96E5A /* Frameworks */ = {
			isa = PBXGroup;
			children = (
				8BCCA5B4356283FD015B60FB /* Pods_EnjoyUniversity.framework */,
				F27AC698DB569A544136CFAC /* Pods_EnjoyUniversityTests.framework */,
				3D885B98299ED2C5A1AA6E7F /* Pods_EnjoyUniversityUITests.framework */,
			);
			name = Frameworks;
			sourceTree = "<group>";
		};
		360219881E65933100371230 /* Search */ = {
			isa = PBXGroup;
			children = (
				36B164191E65A59E00B589B4 /* EUSearchViewController.swift */,
			);
			name = Search;
			path = Profile/Search;
			sourceTree = "<group>";
		};
		360EC8A31E7177C60009B08E /* PlusButton */ = {
			isa = PBXGroup;
			children = (
				360EC8A41E7177ED0009B08E /* EUPlusButtonView.swift */,
			);
			path = PlusButton;
			sourceTree = "<group>";
		};
		360FA3EB1E94E639002A5FF0 /* SwiftyControl */ = {
			isa = PBXGroup;
			children = (
				3695A2BE1E6D764200F02B8E /* SwiftyViewPager.swift */,
				3664E1E91E9759F60041259B /* SwiftyTextField.swift */,
				3664E1EA1E9759F60041259B /* SwiftyVerificationCodeView.swift */,
				36EC19971E9893D400A08AC4 /* SwiftyProgressHUD.swift */,
				360FA3E81E94DB75002A5FF0 /* SwiftyPhotoClipper.swift */,
				360FA3EC1E94E653002A5FF0 /* SwiftyTextView.swift */,
				363AC75B1E936167008350CC /* SwiftyTimePicker.swift */,
				3671B5AF1EA213E1002F66AC /* SwiftySpinner.swift */,
				36247B5B1EA640FF006F29F1 /* SwiftyAlertController.swift */,
				364E7D241EA7A24300BC2756 /* SwiftyDropdownMenu.swift */,
				364E7D261EA7A24A00BC2756 /* SwiftyTitleButton.swift */,
			);
			path = SwiftyControl;
			sourceTree = "<group>";
		};
		360FA3EE1E95031C002A5FF0 /* Model */ = {
			isa = PBXGroup;
			children = (
				360FA3EF1E95032F002A5FF0 /* RequestResult.swift */,
				363447951E97B11300F49EBC /* EUserAccount.swift */,
			);
			path = Model;
			sourceTree = "<group>";
		};
		3619C4AF1E90E3C6005FEA5E /* Community */ = {
			isa = PBXGroup;
			children = (
				3619C4B01E90EA17005FEA5E /* EUCommunityInfoViewController.swift */,
				3671B5A91EA1E6F0002F66AC /* EUMyCommunityViewController.swift */,
				364E7D281EA7A37100BC2756 /* EUCommunityContactController.swift */,
				364E7D2A1EA7A81400BC2756 /* EUCommunityContactCell.swift */,
				36124A191EAA05AB004B6B10 /* EUCommunityMemberCell.swift */,
				3678F85D1EA89129006C586C /* EURecruitmentViewController.swift */,
				36C34A091EA9CB6E00739C9B /* EUStartRecruitViewController.swift */,
				3678F85F1EA8A52A006C586C /* EUCommunityNotifyController.swift */,
				366C8EA21EAC69F3003CEAEE /* EUChoseContactsController.swift */,
				36124A151EA9F893004B6B10 /* EUCommunityManageViewController.swift */,
				36124A171EAA03AF004B6B10 /* EUCommunityMemberManageController.swift */,
				365FE22D1EAADB7E003507F5 /* EUCommunityAnnounceController.swift */,
			);
			path = Community;
			sourceTree = "<group>";
		};
		3626656F1E8FE02F005ED501 /* Activity */ = {
			isa = PBXGroup;
			children = (
				3609A01D1E909E9D007FD55C /* EUActivityButton.swift */,
				362665721E8FE162005ED501 /* EUActivityCell.swift */,
				362665731E8FE162005ED501 /* EUActivityCell.xib */,
				36098EB41E9264B900C77CC3 /* EUStartActivityViewController.swift */,
				362665741E8FE162005ED501 /* EUMyActivityViewController.swift */,
				365DDFFB1E8FFBED007CE665 /* EUBaseAvtivityViewController.swift */,
				362665701E8FE118005ED501 /* EUActivityViewController.swift */,
				365DDFF91E8FFBB0007CE665 /* EUCreatedActivityViewController.swift */,
				36690ACA1E9C93420027B314 /* EUActivityMemberCell.swift */,
				36690AD01E9CA2FE0027B314 /* EUActivityParticipatorsViewController.swift */,
				364231A11E9CEFE200FAB080 /* EUActivityNotificationController.swift */,
				364231C11E9D19D500FAB080 /* EUShowQRCodeViewController.swift */,
				36457E141E9F3BD10036CBA6 /* EURegisterViewController.swift */,
				363908AB1E9F6AC800E67958 /* EURegisterInfoViewController.swift */,
			);
			path = Activity;
			sourceTree = "<group>";
		};
		366112351E966192005D0A96 /* Login */ = {
			isa = PBXGroup;
			children = (
				366112361E9661E8005D0A96 /* EULoginViewController.swift */,
				3671CFD21E98FF5D00FACF91 /* EUserInfoInputViewController.swift */,
			);
			path = Login;
			sourceTree = "<group>";
		};
		36638A761E8A4E5D00E6DF17 /* NetWork */ = {
			isa = PBXGroup;
			children = (
				360FA3EE1E95031C002A5FF0 /* Model */,
				36638A771E8A4E9900E6DF17 /* EUNetworkManager.swift */,
				36638A791E8A77C200E6DF17 /* EUNetworkManager+Extension.swift */,
			);
			path = NetWork;
			sourceTree = "<group>";
		};
		36BDBAF01E640A380075A3ED = {
			isa = PBXGroup;
			children = (
				36BDBAFB1E640A390075A3ED /* EnjoyUniversity */,
				36BDBB101E640A390075A3ED /* EnjoyUniversityTests */,
				36BDBB1B1E640A390075A3ED /* EnjoyUniversityUITests */,
				36BDBAFA1E640A390075A3ED /* Products */,
				5149408DDF44B4129363595B /* Pods */,
				2F6B1969AAE023ED04C96E5A /* Frameworks */,
			);
			sourceTree = "<group>";
		};
		36BDBAFA1E640A390075A3ED /* Products */ = {
			isa = PBXGroup;
			children = (
				36BDBAF91E640A390075A3ED /* EnjoyUniversity.app */,
				36BDBB0D1E640A390075A3ED /* EnjoyUniversityTests.xctest */,
				36BDBB181E640A390075A3ED /* EnjoyUniversityUITests.xctest */,
			);
			name = Products;
			sourceTree = "<group>";
		};
		36BDBAFB1E640A390075A3ED /* EnjoyUniversity */ = {
			isa = PBXGroup;
			children = (
				36BDBB2C1E6412C60075A3ED /* Classes */,
				36BDBAFC1E640A390075A3ED /* AppDelegate.swift */,
				36BDBB031E640A390075A3ED /* Assets.xcassets */,
				36BDBB081E640A390075A3ED /* Info.plist */,
			);
			path = EnjoyUniversity;
			sourceTree = "<group>";
		};
		36BDBB101E640A390075A3ED /* EnjoyUniversityTests */ = {
			isa = PBXGroup;
			children = (
				36BDBB111E640A390075A3ED /* EnjoyUniversityTests.swift */,
				36BDBB131E640A390075A3ED /* Info.plist */,
			);
			path = EnjoyUniversityTests;
			sourceTree = "<group>";
		};
		36BDBB1B1E640A390075A3ED /* EnjoyUniversityUITests */ = {
			isa = PBXGroup;
			children = (
				36BDBB1C1E640A390075A3ED /* EnjoyUniversityUITests.swift */,
				36BDBB1E1E640A390075A3ED /* Info.plist */,
			);
			path = EnjoyUniversityUITests;
			sourceTree = "<group>";
		};
		36BDBB2C1E6412C60075A3ED /* Classes */ = {
			isa = PBXGroup;
			children = (
				36BDBB2F1E6412C60075A3ED /* View */,
				36BDBB351E6412C60075A3ED /* ViewModel */,
				36BDBB2D1E6412C60075A3ED /* Model */,
				36BDBB2E1E6412C60075A3ED /* Tools */,
			);
			path = Classes;
			sourceTree = "<group>";
		};
		36BDBB2D1E6412C60075A3ED /* Model */ = {
			isa = PBXGroup;
			children = (
				36BDBB491E6452090075A3ED /* Community.swift */,
				36839BFB1E8D457800612729 /* Activity.swift */,
				36568C8D1E99CD5000BA9A71 /* UserInfo.swift */,
				3671B5AB1EA201B2002F66AC /* CommunityAuthority.swift */,
			);
			path = Model;
			sourceTree = "<group>";
		};
		36BDBB2E1E6412C60075A3ED /* Tools */ = {
			isa = PBXGroup;
			children = (
				36E0D5F01E8D40BB0072E8C2 /* EURefreshControl */,
				36638A761E8A4E5D00E6DF17 /* NetWork */,
				36BDBB461E641DFF0075A3ED /* Extension */,
				360FA3EB1E94E639002A5FF0 /* SwiftyControl */,
				3695A2BC1E6D4DD200F02B8E /* CommonFunction.swift */,
				36638A7B1E8A785700E6DF17 /* EUCommon.swift */,
			);
			path = Tools;
			sourceTree = "<group>";
		};
		36BDBB2F1E6412C60075A3ED /* View */ = {
			isa = PBXGroup;
			children = (
				36BDBB321E6412C60075A3ED /* Main */,
				36BDBB311E6412C60075A3ED /* Home */,
				36BDBB301E6412C60075A3ED /* Discover */,
				36BDBB331E6412C60075A3ED /* Message */,
				36BDBB341E6412C60075A3ED /* Profile */,
				3626656F1E8FE02F005ED501 /* Activity */,
				3619C4AF1E90E3C6005FEA5E /* Community */,
				360EC8A31E7177C60009B08E /* PlusButton */,
				360219881E65933100371230 /* Search */,
				366112351E966192005D0A96 /* Login */,
				36ECC2381E6E60CF0003C4D8 /* QRCode */,
			);
			path = View;
			sourceTree = "<group>";
		};
		36BDBB301E6412C60075A3ED /* Discover */ = {
			isa = PBXGroup;
			children = (
				36BDBB401E64170D0075A3ED /* EUDiscoverViewController.swift */,
				36BDBB4B1E6454030075A3ED /* EUCommunityWallCell.swift */,
				36BDBB4D1E64541E0075A3ED /* EUCommunityWallCell.xib */,
			);
			path = Discover;
			sourceTree = "<group>";
		};
		36BDBB311E6412C60075A3ED /* Home */ = {
			isa = PBXGroup;
			children = (
				36BDBB3E1E6416FF0075A3ED /* EUHomeViewController.swift */,
				3695A2C01E6D7FA300F02B8E /* EUHomeHeadView.swift */,
			);
			path = Home;
			sourceTree = "<group>";
		};
		36BDBB321E6412C60075A3ED /* Main */ = {
			isa = PBXGroup;
			children = (
				36BDBB381E64135A0075A3ED /* EUMainViewController.swift */,
				36BDBB3A1E6416840075A3ED /* EUBaseViewController.swift */,
				36BDBB3C1E6416A50075A3ED /* EUNavigationController.swift */,
			);
			path = Main;
			sourceTree = "<group>";
		};
		36BDBB331E6412C60075A3ED /* Message */ = {
			isa = PBXGroup;
			children = (
				36BDBB421E6417180075A3ED /* EUMessageViewController.swift */,
				3666ABDB1E7016CF008E4B6B /* EUMessageCell.swift */,
				3666ABDC1E7016CF008E4B6B /* EUMessageCell.xib */,
			);
			path = Message;
			sourceTree = "<group>";
		};
		36BDBB341E6412C60075A3ED /* Profile */ = {
			isa = PBXGroup;
			children = (
				36BDBB441E6417280075A3ED /* EUProfileViewController.swift */,
				3680A5861E9DF36300E6013F /* EUFeedBackViewController.swift */,
				36F1A71D1E9E28C600BEF9A5 /* EUVerifyViewController.swift */,
				366BA80A1EA4F9F80079132A /* EUChangeUserInfoController.swift */,
				366BA80C1EA509410079132A /* EUChangePasswordController.swift */,
				3673A5EB1EA5C8D6003C29C3 /* EUSystemSettingsController.swift */,
				36247B5D1EA66643006F29F1 /* EUActivityCollectionController.swift */,
				36C05D571EACC83200ADC433 /* EUCommunityCollectionCell.swift */,
				366DCC801EA70EE000A2F496 /* EUCommunityCollectionController.swift */,
			);
			path = Profile;
			sourceTree = "<group>";
		};
		36BDBB351E6412C60075A3ED /* ViewModel */ = {
			isa = PBXGroup;
			children = (
				3618A8B21E8A9E18002069B5 /* VPListViewModel.swift */,
				3653B06E1E9110760023A0B7 /* CommunityViewModel.swift */,
				3654511B1E8D1A400046F037 /* CommunityListViewModel.swift */,
				36839BFD1E8D476300612729 /* AvtivityViewModel.swift */,
				36839BFF1E8D49FE00612729 /* ActivityListViewModel.swift */,
				364D6FAF1E9A4CC200297EA8 /* UserInfoViewModel.swift */,
				3662E64B1E9B60C3000955DA /* UserInfoListViewModel.swift */,
				3671B5AD1EA20299002F66AC /* CommunityAuthorityListViewModel.swift */,
			);
			name = ViewModel;
			path = EnjoyUniversity/Classes/ViewModel;
			sourceTree = SOURCE_ROOT;
		};
		36BDBB461E641DFF0075A3ED /* Extension */ = {
			isa = PBXGroup;
			children = (
				36BDBB471E641E190075A3ED /* Bundle+Extension.swift */,
			);
			path = Extension;
			sourceTree = "<group>";
		};
		36E0D5F01E8D40BB0072E8C2 /* EURefreshControl */ = {
			isa = PBXGroup;
			children = (
				36E0D5F11E8D40D00072E8C2 /* EURefreshControl.swift */,
				36E0D5F21E8D40D00072E8C2 /* EURefreshView.swift */,
				36E0D5F31E8D40D00072E8C2 /* EURefreshView.xib */,
			);
			path = EURefreshControl;
			sourceTree = "<group>";
		};
		36ECC2381E6E60CF0003C4D8 /* QRCode */ = {
			isa = PBXGroup;
			children = (
				36ECC2391E6E61160003C4D8 /* EUQRScanViewController.swift */,
				36ECC23B1E6E61ED0003C4D8 /* EUScannerBackgroundView.swift */,
			);
			path = QRCode;
			sourceTree = "<group>";
		};
		5149408DDF44B4129363595B /* Pods */ = {
			isa = PBXGroup;
			children = (
				85368470F01BEF28D5CCE29C /* Pods-EnjoyUniversity.debug.xcconfig */,
				33300CEBB8EF0944BE216447 /* Pods-EnjoyUniversity.release.xcconfig */,
				40EBC4342C0592D8109EAA59 /* Pods-EnjoyUniversityTests.debug.xcconfig */,
				B33AC6B9DFB1A9A21D0688BA /* Pods-EnjoyUniversityTests.release.xcconfig */,
				24C99E6F09D2570C831C0D9D /* Pods-EnjoyUniversityUITests.debug.xcconfig */,
				AFA0AB16696A955B0A70FA29 /* Pods-EnjoyUniversityUITests.release.xcconfig */,
			);
			name = Pods;
			sourceTree = "<group>";
		};
/* End PBXGroup section */

/* Begin PBXNativeTarget section */
		36BDBAF81E640A390075A3ED /* EnjoyUniversity */ = {
			isa = PBXNativeTarget;
			buildConfigurationList = 36BDBB211E640A390075A3ED /* Build configuration list for PBXNativeTarget "EnjoyUniversity" */;
			buildPhases = (
				72843E6A6B39228D6B78FA9B /* [CP] Check Pods Manifest.lock */,
				36BDBAF51E640A390075A3ED /* Sources */,
				36BDBAF61E640A390075A3ED /* Frameworks */,
				36BDBAF71E640A390075A3ED /* Resources */,
				FD1B1447D0E55689C2C8E8D1 /* [CP] Embed Pods Frameworks */,
				6FDBAB72B13AD54A5BF6FCD6 /* [CP] Copy Pods Resources */,
			);
			buildRules = (
			);
			dependencies = (
			);
			name = EnjoyUniversity;
			productName = EnjoyUniversity;
			productReference = 36BDBAF91E640A390075A3ED /* EnjoyUniversity.app */;
			productType = "com.apple.product-type.application";
		};
		36BDBB0C1E640A390075A3ED /* EnjoyUniversityTests */ = {
			isa = PBXNativeTarget;
			buildConfigurationList = 36BDBB241E640A390075A3ED /* Build configuration list for PBXNativeTarget "EnjoyUniversityTests" */;
			buildPhases = (
				E5C3545B13C20D20ABF4D8D4 /* [CP] Check Pods Manifest.lock */,
				36BDBB091E640A390075A3ED /* Sources */,
				36BDBB0A1E640A390075A3ED /* Frameworks */,
				36BDBB0B1E640A390075A3ED /* Resources */,
				CD7DEB29F3F9F410FABEBE80 /* [CP] Embed Pods Frameworks */,
				129A1548F06E81651369D220 /* [CP] Copy Pods Resources */,
			);
			buildRules = (
			);
			dependencies = (
				36BDBB0F1E640A390075A3ED /* PBXTargetDependency */,
			);
			name = EnjoyUniversityTests;
			productName = EnjoyUniversityTests;
			productReference = 36BDBB0D1E640A390075A3ED /* EnjoyUniversityTests.xctest */;
			productType = "com.apple.product-type.bundle.unit-test";
		};
		36BDBB171E640A390075A3ED /* EnjoyUniversityUITests */ = {
			isa = PBXNativeTarget;
			buildConfigurationList = 36BDBB271E640A390075A3ED /* Build configuration list for PBXNativeTarget "EnjoyUniversityUITests" */;
			buildPhases = (
				EECCC63C800A318AA31CD2A9 /* [CP] Check Pods Manifest.lock */,
				36BDBB141E640A390075A3ED /* Sources */,
				36BDBB151E640A390075A3ED /* Frameworks */,
				36BDBB161E640A390075A3ED /* Resources */,
				6F9AEABA305B2834254D4A4D /* [CP] Embed Pods Frameworks */,
				33AFCAF3856F8AD5CF304D10 /* [CP] Copy Pods Resources */,
			);
			buildRules = (
			);
			dependencies = (
				36BDBB1A1E640A390075A3ED /* PBXTargetDependency */,
			);
			name = EnjoyUniversityUITests;
			productName = EnjoyUniversityUITests;
			productReference = 36BDBB181E640A390075A3ED /* EnjoyUniversityUITests.xctest */;
			productType = "com.apple.product-type.bundle.ui-testing";
		};
/* End PBXNativeTarget section */

/* Begin PBXProject section */
		36BDBAF11E640A380075A3ED /* Project object */ = {
			isa = PBXProject;
			attributes = {
				CLASSPREFIX = EU;
				LastSwiftUpdateCheck = 0820;
				LastUpgradeCheck = 0820;
				ORGANIZATIONNAME = lip;
				TargetAttributes = {
					36BDBAF81E640A390075A3ED = {
						CreatedOnToolsVersion = 8.2.1;
						DevelopmentTeam = 7PZ7W7SYEE;
						ProvisioningStyle = Automatic;
					};
					36BDBB0C1E640A390075A3ED = {
						CreatedOnToolsVersion = 8.2.1;
						DevelopmentTeam = HR6CZ7SBBE;
						ProvisioningStyle = Automatic;
						TestTargetID = 36BDBAF81E640A390075A3ED;
					};
					36BDBB171E640A390075A3ED = {
						CreatedOnToolsVersion = 8.2.1;
						DevelopmentTeam = HR6CZ7SBBE;
						ProvisioningStyle = Automatic;
						TestTargetID = 36BDBAF81E640A390075A3ED;
					};
				};
			};
			buildConfigurationList = 36BDBAF41E640A380075A3ED /* Build configuration list for PBXProject "EnjoyUniversity" */;
			compatibilityVersion = "Xcode 3.2";
			developmentRegion = English;
			hasScannedForEncodings = 0;
			knownRegions = (
				en,
				Base,
			);
			mainGroup = 36BDBAF01E640A380075A3ED;
			productRefGroup = 36BDBAFA1E640A390075A3ED /* Products */;
			projectDirPath = "";
			projectRoot = "";
			targets = (
				36BDBAF81E640A390075A3ED /* EnjoyUniversity */,
				36BDBB0C1E640A390075A3ED /* EnjoyUniversityTests */,
				36BDBB171E640A390075A3ED /* EnjoyUniversityUITests */,
			);
		};
/* End PBXProject section */

/* Begin PBXResourcesBuildPhase section */
		36BDBAF71E640A390075A3ED /* Resources */ = {
			isa = PBXResourcesBuildPhase;
			buildActionMask = 2147483647;
			files = (
				36E0D5F61E8D40D00072E8C2 /* EURefreshView.xib in Resources */,
				3666ABDE1E7016CF008E4B6B /* EUMessageCell.xib in Resources */,
				36BDBB041E640A390075A3ED /* Assets.xcassets in Resources */,
				36BDBB4E1E64541E0075A3ED /* EUCommunityWallCell.xib in Resources */,
				362665761E8FE162005ED501 /* EUActivityCell.xib in Resources */,
			);
			runOnlyForDeploymentPostprocessing = 0;
		};
		36BDBB0B1E640A390075A3ED /* Resources */ = {
			isa = PBXResourcesBuildPhase;
			buildActionMask = 2147483647;
			files = (
			);
			runOnlyForDeploymentPostprocessing = 0;
		};
		36BDBB161E640A390075A3ED /* Resources */ = {
			isa = PBXResourcesBuildPhase;
			buildActionMask = 2147483647;
			files = (
			);
			runOnlyForDeploymentPostprocessing = 0;
		};
/* End PBXResourcesBuildPhase section */

/* Begin PBXShellScriptBuildPhase section */
		129A1548F06E81651369D220 /* [CP] Copy Pods Resources */ = {
			isa = PBXShellScriptBuildPhase;
			buildActionMask = 2147483647;
			files = (
			);
			inputPaths = (
			);
			name = "[CP] Copy Pods Resources";
			outputPaths = (
			);
			runOnlyForDeploymentPostprocessing = 0;
			shellPath = /bin/sh;
			shellScript = "\"${SRCROOT}/Pods/Target Support Files/Pods-EnjoyUniversityTests/Pods-EnjoyUniversityTests-resources.sh\"\n";
			showEnvVarsInLog = 0;
		};
		33AFCAF3856F8AD5CF304D10 /* [CP] Copy Pods Resources */ = {
			isa = PBXShellScriptBuildPhase;
			buildActionMask = 2147483647;
			files = (
			);
			inputPaths = (
			);
			name = "[CP] Copy Pods Resources";
			outputPaths = (
			);
			runOnlyForDeploymentPostprocessing = 0;
			shellPath = /bin/sh;
			shellScript = "\"${SRCROOT}/Pods/Target Support Files/Pods-EnjoyUniversityUITests/Pods-EnjoyUniversityUITests-resources.sh\"\n";
			showEnvVarsInLog = 0;
		};
		6F9AEABA305B2834254D4A4D /* [CP] Embed Pods Frameworks */ = {
			isa = PBXShellScriptBuildPhase;
			buildActionMask = 2147483647;
			files = (
			);
			inputPaths = (
			);
			name = "[CP] Embed Pods Frameworks";
			outputPaths = (
			);
			runOnlyForDeploymentPostprocessing = 0;
			shellPath = /bin/sh;
			shellScript = "\"${SRCROOT}/Pods/Target Support Files/Pods-EnjoyUniversityUITests/Pods-EnjoyUniversityUITests-frameworks.sh\"\n";
			showEnvVarsInLog = 0;
		};
		6FDBAB72B13AD54A5BF6FCD6 /* [CP] Copy Pods Resources */ = {
			isa = PBXShellScriptBuildPhase;
			buildActionMask = 2147483647;
			files = (
			);
			inputPaths = (
			);
			name = "[CP] Copy Pods Resources";
			outputPaths = (
			);
			runOnlyForDeploymentPostprocessing = 0;
			shellPath = /bin/sh;
			shellScript = "\"${SRCROOT}/Pods/Target Support Files/Pods-EnjoyUniversity/Pods-EnjoyUniversity-resources.sh\"\n";
			showEnvVarsInLog = 0;
		};
		72843E6A6B39228D6B78FA9B /* [CP] Check Pods Manifest.lock */ = {
			isa = PBXShellScriptBuildPhase;
			buildActionMask = 2147483647;
			files = (
			);
			inputPaths = (
			);
			name = "[CP] Check Pods Manifest.lock";
			outputPaths = (
			);
			runOnlyForDeploymentPostprocessing = 0;
			shellPath = /bin/sh;
			shellScript = "diff \"${PODS_ROOT}/../Podfile.lock\" \"${PODS_ROOT}/Manifest.lock\" > /dev/null\nif [ $? != 0 ] ; then\n    # print error to STDERR\n    echo \"error: The sandbox is not in sync with the Podfile.lock. Run 'pod install' or update your CocoaPods installation.\" >&2\n    exit 1\nfi\n";
			showEnvVarsInLog = 0;
		};
		CD7DEB29F3F9F410FABEBE80 /* [CP] Embed Pods Frameworks */ = {
			isa = PBXShellScriptBuildPhase;
			buildActionMask = 2147483647;
			files = (
			);
			inputPaths = (
			);
			name = "[CP] Embed Pods Frameworks";
			outputPaths = (
			);
			runOnlyForDeploymentPostprocessing = 0;
			shellPath = /bin/sh;
			shellScript = "\"${SRCROOT}/Pods/Target Support Files/Pods-EnjoyUniversityTests/Pods-EnjoyUniversityTests-frameworks.sh\"\n";
			showEnvVarsInLog = 0;
		};
		E5C3545B13C20D20ABF4D8D4 /* [CP] Check Pods Manifest.lock */ = {
			isa = PBXShellScriptBuildPhase;
			buildActionMask = 2147483647;
			files = (
			);
			inputPaths = (
			);
			name = "[CP] Check Pods Manifest.lock";
			outputPaths = (
			);
			runOnlyForDeploymentPostprocessing = 0;
			shellPath = /bin/sh;
			shellScript = "diff \"${PODS_ROOT}/../Podfile.lock\" \"${PODS_ROOT}/Manifest.lock\" > /dev/null\nif [ $? != 0 ] ; then\n    # print error to STDERR\n    echo \"error: The sandbox is not in sync with the Podfile.lock. Run 'pod install' or update your CocoaPods installation.\" >&2\n    exit 1\nfi\n";
			showEnvVarsInLog = 0;
		};
		EECCC63C800A318AA31CD2A9 /* [CP] Check Pods Manifest.lock */ = {
			isa = PBXShellScriptBuildPhase;
			buildActionMask = 2147483647;
			files = (
			);
			inputPaths = (
			);
			name = "[CP] Check Pods Manifest.lock";
			outputPaths = (
			);
			runOnlyForDeploymentPostprocessing = 0;
			shellPath = /bin/sh;
			shellScript = "diff \"${PODS_ROOT}/../Podfile.lock\" \"${PODS_ROOT}/Manifest.lock\" > /dev/null\nif [ $? != 0 ] ; then\n    # print error to STDERR\n    echo \"error: The sandbox is not in sync with the Podfile.lock. Run 'pod install' or update your CocoaPods installation.\" >&2\n    exit 1\nfi\n";
			showEnvVarsInLog = 0;
		};
		FD1B1447D0E55689C2C8E8D1 /* [CP] Embed Pods Frameworks */ = {
			isa = PBXShellScriptBuildPhase;
			buildActionMask = 2147483647;
			files = (
			);
			inputPaths = (
			);
			name = "[CP] Embed Pods Frameworks";
			outputPaths = (
			);
			runOnlyForDeploymentPostprocessing = 0;
			shellPath = /bin/sh;
			shellScript = "\"${SRCROOT}/Pods/Target Support Files/Pods-EnjoyUniversity/Pods-EnjoyUniversity-frameworks.sh\"\n";
			showEnvVarsInLog = 0;
		};
/* End PBXShellScriptBuildPhase section */

/* Begin PBXSourcesBuildPhase section */
		36BDBAF51E640A390075A3ED /* Sources */ = {
			isa = PBXSourcesBuildPhase;
			buildActionMask = 2147483647;
			files = (
				36638A781E8A4E9900E6DF17 /* EUNetworkManager.swift in Sources */,
				360FA3ED1E94E653002A5FF0 /* SwiftyTextView.swift in Sources */,
				365DDFFC1E8FFBED007CE665 /* EUBaseAvtivityViewController.swift in Sources */,
				3680A5871E9DF36300E6013F /* EUFeedBackViewController.swift in Sources */,
				36E0D5F41E8D40D00072E8C2 /* EURefreshControl.swift in Sources */,
				366C8EA31EAC69F3003CEAEE /* EUChoseContactsController.swift in Sources */,
				3666ABDD1E7016CF008E4B6B /* EUMessageCell.swift in Sources */,
				364E7D251EA7A24300BC2756 /* SwiftyDropdownMenu.swift in Sources */,
				364E7D291EA7A37100BC2756 /* EUCommunityContactController.swift in Sources */,
				364231A21E9CEFE200FAB080 /* EUActivityNotificationController.swift in Sources */,
				364231C21E9D19D500FAB080 /* EUShowQRCodeViewController.swift in Sources */,
				36247B5C1EA640FF006F29F1 /* SwiftyAlertController.swift in Sources */,
				36690ACB1E9C93420027B314 /* EUActivityMemberCell.swift in Sources */,
				36BDBAFD1E640A390075A3ED /* AppDelegate.swift in Sources */,
				3678F85E1EA89129006C586C /* EURecruitmentViewController.swift in Sources */,
				36BDBB481E641E190075A3ED /* Bundle+Extension.swift in Sources */,
				3671B5AE1EA20299002F66AC /* CommunityAuthorityListViewModel.swift in Sources */,
				362665751E8FE162005ED501 /* EUActivityCell.swift in Sources */,
				36638A7C1E8A785700E6DF17 /* EUCommon.swift in Sources */,
				366112371E9661E8005D0A96 /* EULoginViewController.swift in Sources */,
				36ECC23C1E6E61ED0003C4D8 /* EUScannerBackgroundView.swift in Sources */,
				36C05D581EACC83200ADC433 /* EUCommunityCollectionCell.swift in Sources */,
				3609A01E1E909E9D007FD55C /* EUActivityButton.swift in Sources */,
				3671CFD31E98FF5D00FACF91 /* EUserInfoInputViewController.swift in Sources */,
				3671B5AA1EA1E6F0002F66AC /* EUMyCommunityViewController.swift in Sources */,
				3671B5B01EA213E1002F66AC /* SwiftySpinner.swift in Sources */,
				3695A2BF1E6D764200F02B8E /* SwiftyViewPager.swift in Sources */,
				3671B5AC1EA201B2002F66AC /* CommunityAuthority.swift in Sources */,
				364E7D2B1EA7A81400BC2756 /* EUCommunityContactCell.swift in Sources */,
				3662E64C1E9B60C3000955DA /* UserInfoListViewModel.swift in Sources */,
				36B1641A1E65A59E00B589B4 /* EUSearchViewController.swift in Sources */,
				36BDBB411E64170D0075A3ED /* EUDiscoverViewController.swift in Sources */,
				3618A8B31E8A9E18002069B5 /* VPListViewModel.swift in Sources */,
				36BDBB451E6417280075A3ED /* EUProfileViewController.swift in Sources */,
				36BDBB3D1E6416A50075A3ED /* EUNavigationController.swift in Sources */,
				366DCC811EA70EE000A2F496 /* EUCommunityCollectionController.swift in Sources */,
				3619C4B11E90EA17005FEA5E /* EUCommunityInfoViewController.swift in Sources */,
				362665771E8FE162005ED501 /* EUMyActivityViewController.swift in Sources */,
				366BA80B1EA4F9F80079132A /* EUChangeUserInfoController.swift in Sources */,
				36098EB51E9264B900C77CC3 /* EUStartActivityViewController.swift in Sources */,
				365FE22E1EAADB7E003507F5 /* EUCommunityAnnounceController.swift in Sources */,
				3664E1EC1E9759F60041259B /* SwiftyVerificationCodeView.swift in Sources */,
				36C34A0A1EA9CB6E00739C9B /* EUStartRecruitViewController.swift in Sources */,
				3654511C1E8D1A400046F037 /* CommunityListViewModel.swift in Sources */,
				36839C001E8D49FE00612729 /* ActivityListViewModel.swift in Sources */,
				36690AD11E9CA2FE0027B314 /* EUActivityParticipatorsViewController.swift in Sources */,
				3653B06F1E9110760023A0B7 /* CommunityViewModel.swift in Sources */,
				36568C8E1E99CD5000BA9A71 /* UserInfo.swift in Sources */,
				36124A161EA9F893004B6B10 /* EUCommunityManageViewController.swift in Sources */,
				36F1A71E1E9E28C600BEF9A5 /* EUVerifyViewController.swift in Sources */,
				365DDFFA1E8FFBB0007CE665 /* EUCreatedActivityViewController.swift in Sources */,
				3695A2BD1E6D4DD200F02B8E /* CommonFunction.swift in Sources */,
				3678F8601EA8A52A006C586C /* EUCommunityNotifyController.swift in Sources */,
				360EC8A51E7177ED0009B08E /* EUPlusButtonView.swift in Sources */,
				363447961E97B11300F49EBC /* EUserAccount.swift in Sources */,
				36457E151E9F3BD10036CBA6 /* EURegisterViewController.swift in Sources */,
				36BDBB431E6417180075A3ED /* EUMessageViewController.swift in Sources */,
				36EC19981E9893D400A08AC4 /* SwiftyProgressHUD.swift in Sources */,
				36E0D5F51E8D40D00072E8C2 /* EURefreshView.swift in Sources */,
				36BDBB3B1E6416840075A3ED /* EUBaseViewController.swift in Sources */,
				3695A2C11E6D7FA300F02B8E /* EUHomeHeadView.swift in Sources */,
				3664E1EB1E9759F60041259B /* SwiftyTextField.swift in Sources */,
				364D6FB01E9A4CC200297EA8 /* UserInfoViewModel.swift in Sources */,
				366BA80D1EA509410079132A /* EUChangePasswordController.swift in Sources */,
				3673A5EC1EA5C8D6003C29C3 /* EUSystemSettingsController.swift in Sources */,
				36124A181EAA03AF004B6B10 /* EUCommunityMemberManageController.swift in Sources */,
				360FA3F01E95032F002A5FF0 /* RequestResult.swift in Sources */,
				36638A7A1E8A77C200E6DF17 /* EUNetworkManager+Extension.swift in Sources */,
				36BDBB4A1E6452090075A3ED /* Community.swift in Sources */,
				36839BFE1E8D476300612729 /* AvtivityViewModel.swift in Sources */,
				36BDBB4C1E6454030075A3ED /* EUCommunityWallCell.swift in Sources */,
				364E7D271EA7A24A00BC2756 /* SwiftyTitleButton.swift in Sources */,
				36839BFC1E8D457800612729 /* Activity.swift in Sources */,
				360FA3E91E94DB75002A5FF0 /* SwiftyPhotoClipper.swift in Sources */,
				363AC75C1E936167008350CC /* SwiftyTimePicker.swift in Sources */,
				36BDBB3F1E6416FF0075A3ED /* EUHomeViewController.swift in Sources */,
				36ECC23A1E6E61160003C4D8 /* EUQRScanViewController.swift in Sources */,
				36BDBB391E64135A0075A3ED /* EUMainViewController.swift in Sources */,
				362665711E8FE118005ED501 /* EUActivityViewController.swift in Sources */,
				36124A1A1EAA05AB004B6B10 /* EUCommunityMemberCell.swift in Sources */,
				36247B5E1EA66643006F29F1 /* EUActivityCollectionController.swift in Sources */,
				363908AC1E9F6AC800E67958 /* EURegisterInfoViewController.swift in Sources */,
			);
			runOnlyForDeploymentPostprocessing = 0;
		};
		36BDBB091E640A390075A3ED /* Sources */ = {
			isa = PBXSourcesBuildPhase;
			buildActionMask = 2147483647;
			files = (
				36BDBB121E640A390075A3ED /* EnjoyUniversityTests.swift in Sources */,
			);
			runOnlyForDeploymentPostprocessing = 0;
		};
		36BDBB141E640A390075A3ED /* Sources */ = {
			isa = PBXSourcesBuildPhase;
			buildActionMask = 2147483647;
			files = (
				36BDBB1D1E640A390075A3ED /* EnjoyUniversityUITests.swift in Sources */,
			);
			runOnlyForDeploymentPostprocessing = 0;
		};
/* End PBXSourcesBuildPhase section */

/* Begin PBXTargetDependency section */
		36BDBB0F1E640A390075A3ED /* PBXTargetDependency */ = {
			isa = PBXTargetDependency;
			target = 36BDBAF81E640A390075A3ED /* EnjoyUniversity */;
			targetProxy = 36BDBB0E1E640A390075A3ED /* PBXContainerItemProxy */;
		};
		36BDBB1A1E640A390075A3ED /* PBXTargetDependency */ = {
			isa = PBXTargetDependency;
			target = 36BDBAF81E640A390075A3ED /* EnjoyUniversity */;
			targetProxy = 36BDBB191E640A390075A3ED /* PBXContainerItemProxy */;
		};
/* End PBXTargetDependency section */

/* Begin XCBuildConfiguration section */
		36BDBB1F1E640A390075A3ED /* Debug */ = {
			isa = XCBuildConfiguration;
			buildSettings = {
				ALWAYS_SEARCH_USER_PATHS = NO;
				CLANG_ANALYZER_NONNULL = YES;
				CLANG_CXX_LANGUAGE_STANDARD = "gnu++0x";
				CLANG_CXX_LIBRARY = "libc++";
				CLANG_ENABLE_MODULES = YES;
				CLANG_ENABLE_OBJC_ARC = YES;
				CLANG_WARN_BOOL_CONVERSION = YES;
				CLANG_WARN_CONSTANT_CONVERSION = YES;
				CLANG_WARN_DIRECT_OBJC_ISA_USAGE = YES_ERROR;
				CLANG_WARN_DOCUMENTATION_COMMENTS = YES;
				CLANG_WARN_EMPTY_BODY = YES;
				CLANG_WARN_ENUM_CONVERSION = YES;
				CLANG_WARN_INFINITE_RECURSION = YES;
				CLANG_WARN_INT_CONVERSION = YES;
				CLANG_WARN_OBJC_ROOT_CLASS = YES_ERROR;
				CLANG_WARN_SUSPICIOUS_MOVE = YES;
				CLANG_WARN_UNREACHABLE_CODE = YES;
				CLANG_WARN__DUPLICATE_METHOD_MATCH = YES;
				"CODE_SIGN_IDENTITY[sdk=iphoneos*]" = "iPhone Developer";
				COPY_PHASE_STRIP = NO;
				DEBUG_INFORMATION_FORMAT = dwarf;
				ENABLE_STRICT_OBJC_MSGSEND = YES;
				ENABLE_TESTABILITY = YES;
				GCC_C_LANGUAGE_STANDARD = gnu99;
				GCC_DYNAMIC_NO_PIC = NO;
				GCC_NO_COMMON_BLOCKS = YES;
				GCC_OPTIMIZATION_LEVEL = 0;
				GCC_PREPROCESSOR_DEFINITIONS = (
					"DEBUG=1",
					"$(inherited)",
				);
				GCC_WARN_64_TO_32_BIT_CONVERSION = YES;
				GCC_WARN_ABOUT_RETURN_TYPE = YES_ERROR;
				GCC_WARN_UNDECLARED_SELECTOR = YES;
				GCC_WARN_UNINITIALIZED_AUTOS = YES_AGGRESSIVE;
				GCC_WARN_UNUSED_FUNCTION = YES;
				GCC_WARN_UNUSED_VARIABLE = YES;
				IPHONEOS_DEPLOYMENT_TARGET = 10.2;
				MTL_ENABLE_DEBUG_INFO = YES;
				ONLY_ACTIVE_ARCH = YES;
				SDKROOT = iphoneos;
				SWIFT_ACTIVE_COMPILATION_CONDITIONS = DEBUG;
				SWIFT_OPTIMIZATION_LEVEL = "-Onone";
			};
			name = Debug;
		};
		36BDBB201E640A390075A3ED /* Release */ = {
			isa = XCBuildConfiguration;
			buildSettings = {
				ALWAYS_SEARCH_USER_PATHS = NO;
				CLANG_ANALYZER_NONNULL = YES;
				CLANG_CXX_LANGUAGE_STANDARD = "gnu++0x";
				CLANG_CXX_LIBRARY = "libc++";
				CLANG_ENABLE_MODULES = YES;
				CLANG_ENABLE_OBJC_ARC = YES;
				CLANG_WARN_BOOL_CONVERSION = YES;
				CLANG_WARN_CONSTANT_CONVERSION = YES;
				CLANG_WARN_DIRECT_OBJC_ISA_USAGE = YES_ERROR;
				CLANG_WARN_DOCUMENTATION_COMMENTS = YES;
				CLANG_WARN_EMPTY_BODY = YES;
				CLANG_WARN_ENUM_CONVERSION = YES;
				CLANG_WARN_INFINITE_RECURSION = YES;
				CLANG_WARN_INT_CONVERSION = YES;
				CLANG_WARN_OBJC_ROOT_CLASS = YES_ERROR;
				CLANG_WARN_SUSPICIOUS_MOVE = YES;
				CLANG_WARN_UNREACHABLE_CODE = YES;
				CLANG_WARN__DUPLICATE_METHOD_MATCH = YES;
				"CODE_SIGN_IDENTITY[sdk=iphoneos*]" = "iPhone Developer";
				COPY_PHASE_STRIP = NO;
				DEBUG_INFORMATION_FORMAT = "dwarf-with-dsym";
				ENABLE_NS_ASSERTIONS = NO;
				ENABLE_STRICT_OBJC_MSGSEND = YES;
				GCC_C_LANGUAGE_STANDARD = gnu99;
				GCC_NO_COMMON_BLOCKS = YES;
				GCC_WARN_64_TO_32_BIT_CONVERSION = YES;
				GCC_WARN_ABOUT_RETURN_TYPE = YES_ERROR;
				GCC_WARN_UNDECLARED_SELECTOR = YES;
				GCC_WARN_UNINITIALIZED_AUTOS = YES_AGGRESSIVE;
				GCC_WARN_UNUSED_FUNCTION = YES;
				GCC_WARN_UNUSED_VARIABLE = YES;
				IPHONEOS_DEPLOYMENT_TARGET = 10.2;
				MTL_ENABLE_DEBUG_INFO = NO;
				SDKROOT = iphoneos;
				SWIFT_OPTIMIZATION_LEVEL = "-Owholemodule";
				VALIDATE_PRODUCT = YES;
			};
			name = Release;
		};
		36BDBB221E640A390075A3ED /* Debug */ = {
			isa = XCBuildConfiguration;
			baseConfigurationReference = 85368470F01BEF28D5CCE29C /* Pods-EnjoyUniversity.debug.xcconfig */;
			buildSettings = {
				ASSETCATALOG_COMPILER_APPICON_NAME = AppIcon;
				ASSETCATALOG_COMPILER_LAUNCHIMAGE_NAME = LaunchImage;
				DEVELOPMENT_TEAM = 7PZ7W7SYEE;
				INFOPLIST_FILE = EnjoyUniversity/Info.plist;
				IPHONEOS_DEPLOYMENT_TARGET = 10.0;
				LD_RUNPATH_SEARCH_PATHS = "$(inherited) @executable_path/Frameworks";
				PRODUCT_BUNDLE_IDENTIFIER = com.euswag.eu;
				PRODUCT_NAME = "$(TARGET_NAME)";
				SWIFT_VERSION = 3.0;
			};
			name = Debug;
		};
		36BDBB231E640A390075A3ED /* Release */ = {
			isa = XCBuildConfiguration;
			baseConfigurationReference = 33300CEBB8EF0944BE216447 /* Pods-EnjoyUniversity.release.xcconfig */;
			buildSettings = {
				ASSETCATALOG_COMPILER_APPICON_NAME = AppIcon;
				ASSETCATALOG_COMPILER_LAUNCHIMAGE_NAME = LaunchImage;
				DEVELOPMENT_TEAM = 7PZ7W7SYEE;
				INFOPLIST_FILE = EnjoyUniversity/Info.plist;
				IPHONEOS_DEPLOYMENT_TARGET = 10.0;
				LD_RUNPATH_SEARCH_PATHS = "$(inherited) @executable_path/Frameworks";
				PRODUCT_BUNDLE_IDENTIFIER = com.euswag.eu;
				PRODUCT_NAME = "$(TARGET_NAME)";
				SWIFT_VERSION = 3.0;
			};
			name = Release;
		};
		36BDBB251E640A390075A3ED /* Debug */ = {
			isa = XCBuildConfiguration;
			baseConfigurationReference = 40EBC4342C0592D8109EAA59 /* Pods-EnjoyUniversityTests.debug.xcconfig */;
			buildSettings = {
				ALWAYS_EMBED_SWIFT_STANDARD_LIBRARIES = YES;
				BUNDLE_LOADER = "$(TEST_HOST)";
				DEVELOPMENT_TEAM = HR6CZ7SBBE;
				INFOPLIST_FILE = EnjoyUniversityTests/Info.plist;
				LD_RUNPATH_SEARCH_PATHS = "$(inherited) @executable_path/Frameworks @loader_path/Frameworks";
				PRODUCT_BUNDLE_IDENTIFIER = com.lip.EnjoyUniversityTests;
				PRODUCT_NAME = "$(TARGET_NAME)";
				SWIFT_VERSION = 3.0;
				TEST_HOST = "$(BUILT_PRODUCTS_DIR)/EnjoyUniversity.app/EnjoyUniversity";
			};
			name = Debug;
		};
		36BDBB261E640A390075A3ED /* Release */ = {
			isa = XCBuildConfiguration;
			baseConfigurationReference = B33AC6B9DFB1A9A21D0688BA /* Pods-EnjoyUniversityTests.release.xcconfig */;
			buildSettings = {
				ALWAYS_EMBED_SWIFT_STANDARD_LIBRARIES = YES;
				BUNDLE_LOADER = "$(TEST_HOST)";
				DEVELOPMENT_TEAM = HR6CZ7SBBE;
				INFOPLIST_FILE = EnjoyUniversityTests/Info.plist;
				LD_RUNPATH_SEARCH_PATHS = "$(inherited) @executable_path/Frameworks @loader_path/Frameworks";
				PRODUCT_BUNDLE_IDENTIFIER = com.lip.EnjoyUniversityTests;
				PRODUCT_NAME = "$(TARGET_NAME)";
				SWIFT_VERSION = 3.0;
				TEST_HOST = "$(BUILT_PRODUCTS_DIR)/EnjoyUniversity.app/EnjoyUniversity";
			};
			name = Release;
		};
		36BDBB281E640A390075A3ED /* Debug */ = {
			isa = XCBuildConfiguration;
			baseConfigurationReference = 24C99E6F09D2570C831C0D9D /* Pods-EnjoyUniversityUITests.debug.xcconfig */;
			buildSettings = {
				ALWAYS_EMBED_SWIFT_STANDARD_LIBRARIES = YES;
				DEVELOPMENT_TEAM = HR6CZ7SBBE;
				INFOPLIST_FILE = EnjoyUniversityUITests/Info.plist;
				LD_RUNPATH_SEARCH_PATHS = "$(inherited) @executable_path/Frameworks @loader_path/Frameworks";
				PRODUCT_BUNDLE_IDENTIFIER = com.lip.EnjoyUniversityUITests;
				PRODUCT_NAME = "$(TARGET_NAME)";
				SWIFT_VERSION = 3.0;
				TEST_TARGET_NAME = EnjoyUniversity;
			};
			name = Debug;
		};
		36BDBB291E640A390075A3ED /* Release */ = {
			isa = XCBuildConfiguration;
			baseConfigurationReference = AFA0AB16696A955B0A70FA29 /* Pods-EnjoyUniversityUITests.release.xcconfig */;
			buildSettings = {
				ALWAYS_EMBED_SWIFT_STANDARD_LIBRARIES = YES;
				DEVELOPMENT_TEAM = HR6CZ7SBBE;
				INFOPLIST_FILE = EnjoyUniversityUITests/Info.plist;
				LD_RUNPATH_SEARCH_PATHS = "$(inherited) @executable_path/Frameworks @loader_path/Frameworks";
				PRODUCT_BUNDLE_IDENTIFIER = com.lip.EnjoyUniversityUITests;
				PRODUCT_NAME = "$(TARGET_NAME)";
				SWIFT_VERSION = 3.0;
				TEST_TARGET_NAME = EnjoyUniversity;
			};
			name = Release;
		};
/* End XCBuildConfiguration section */

/* Begin XCConfigurationList section */
		36BDBAF41E640A380075A3ED /* Build configuration list for PBXProject "EnjoyUniversity" */ = {
			isa = XCConfigurationList;
			buildConfigurations = (
				36BDBB1F1E640A390075A3ED /* Debug */,
				36BDBB201E640A390075A3ED /* Release */,
			);
			defaultConfigurationIsVisible = 0;
			defaultConfigurationName = Release;
		};
		36BDBB211E640A390075A3ED /* Build configuration list for PBXNativeTarget "EnjoyUniversity" */ = {
			isa = XCConfigurationList;
			buildConfigurations = (
				36BDBB221E640A390075A3ED /* Debug */,
				36BDBB231E640A390075A3ED /* Release */,
			);
			defaultConfigurationIsVisible = 0;
			defaultConfigurationName = Release;
		};
		36BDBB241E640A390075A3ED /* Build configuration list for PBXNativeTarget "EnjoyUniversityTests" */ = {
			isa = XCConfigurationList;
			buildConfigurations = (
				36BDBB251E640A390075A3ED /* Debug */,
				36BDBB261E640A390075A3ED /* Release */,
			);
			defaultConfigurationIsVisible = 0;
			defaultConfigurationName = Release;
		};
		36BDBB271E640A390075A3ED /* Build configuration list for PBXNativeTarget "EnjoyUniversityUITests" */ = {
			isa = XCConfigurationList;
			buildConfigurations = (
				36BDBB281E640A390075A3ED /* Debug */,
				36BDBB291E640A390075A3ED /* Release */,
			);
			defaultConfigurationIsVisible = 0;
			defaultConfigurationName = Release;
		};
/* End XCConfigurationList section */
	};
	rootObject = 36BDBAF11E640A380075A3ED /* Project object */;
}
